
Microsoft Visual Studio Solution File, Format Version 12.00
# Visual Studio Version 16
VisualStudioVersion = 16.0.31515.178
MinimumVisualStudioVersion = 10.0.40219.1
Project("{FAE04EC0-301F-11D3-BF4B-00C04F79EFBC}") = "sayfa42_foreach02", "sayfa42_foreach02\sayfa42_foreach02.csproj", "{4E4B254E-8EA4-4483-AD02-C29B8B613E4C}"
EndProject
Global
	GlobalSection(SolutionConfigurationPlatforms) = preSolution
		Debug|Any CPU = Debug|Any CPU
		Release|Any CPU = Release|Any CPU
	EndGlobalSection
	GlobalSection(ProjectConfigurationPlatforms) = postSolution
		{4E4B254E-8EA4-4483-AD02-C29B8B613E4C}.Debug|Any CPU.ActiveCfg = Debug|Any CPU
		{4E4B254E-8EA4-4483-AD02-C29B8B613E4C}.Debug|Any CPU.Build.0 = Debug|Any CPU
		{4E4B254E-8EA4-4483-AD02-C29B8B613E4C}.Release|Any CPU.ActiveCfg = Release|Any CPU
		{4E4B254E-8EA4-4483-AD02-C29B8B613E4C}.Release|Any CPU.Build.0 = Release|Any CPU
	EndGlobalSection
	GlobalSection(SolutionProperties) = preSolution
		HideSolutionNode = FALSE
	EndGlobalSection
	GlobalSection(ExtensibilityGlobals) = postSolution
		SolutionGuid = {82569C5C-5DE7-4B66-A80E-FAD395D7297C}
	EndGlobalSection
EndGlobal
