
Microsoft Visual Studio Solution File, Format Version 12.00
# Visual Studio Version 16
VisualStudioVersion = 16.0.31515.178
MinimumVisualStudioVersion = 10.0.40219.1
Project("{FAE04EC0-301F-11D3-BF4B-00C04F79EFBC}") = "BicimlendirilmisString", "BicimlendirilmisString\BicimlendirilmisString.csproj", "{7D0238FC-F5F6-4906-84B0-2B59E0604217}"
EndProject
Global
	GlobalSection(SolutionConfigurationPlatforms) = preSolution
		Debug|Any CPU = Debug|Any CPU
		Release|Any CPU = Release|Any CPU
	EndGlobalSection
	GlobalSection(ProjectConfigurationPlatforms) = postSolution
		{7D0238FC-F5F6-4906-84B0-2B59E0604217}.Debug|Any CPU.ActiveCfg = Debug|Any CPU
		{7D0238FC-F5F6-4906-84B0-2B59E0604217}.Debug|Any CPU.Build.0 = Debug|Any CPU
		{7D0238FC-F5F6-4906-84B0-2B59E0604217}.Release|Any CPU.ActiveCfg = Release|Any CPU
		{7D0238FC-F5F6-4906-84B0-2B59E0604217}.Release|Any CPU.Build.0 = Release|Any CPU
	EndGlobalSection
	GlobalSection(SolutionProperties) = preSolution
		HideSolutionNode = FALSE
	EndGlobalSection
	GlobalSection(ExtensibilityGlobals) = postSolution
		SolutionGuid = {E67A8DA9-BE3C-4447-AF4C-4746BA93883F}
	EndGlobalSection
EndGlobal
