
Microsoft Visual Studio Solution File, Format Version 12.00
# Visual Studio Version 16
VisualStudioVersion = 16.0.31515.178
MinimumVisualStudioVersion = 10.0.40219.1
Project("{FAE04EC0-301F-11D3-BF4B-00C04F79EFBC}") = "sayfa144-ListBox_Items", "sayfa144-ListBox_Items\sayfa144-ListBox_Items.csproj", "{862891AA-074F-46F1-A374-4E8716A0B4EA}"
EndProject
Global
	GlobalSection(SolutionConfigurationPlatforms) = preSolution
		Debug|Any CPU = Debug|Any CPU
		Release|Any CPU = Release|Any CPU
	EndGlobalSection
	GlobalSection(ProjectConfigurationPlatforms) = postSolution
		{862891AA-074F-46F1-A374-4E8716A0B4EA}.Debug|Any CPU.ActiveCfg = Debug|Any CPU
		{862891AA-074F-46F1-A374-4E8716A0B4EA}.Debug|Any CPU.Build.0 = Debug|Any CPU
		{862891AA-074F-46F1-A374-4E8716A0B4EA}.Release|Any CPU.ActiveCfg = Release|Any CPU
		{862891AA-074F-46F1-A374-4E8716A0B4EA}.Release|Any CPU.Build.0 = Release|Any CPU
	EndGlobalSection
	GlobalSection(SolutionProperties) = preSolution
		HideSolutionNode = FALSE
	EndGlobalSection
	GlobalSection(ExtensibilityGlobals) = postSolution
		SolutionGuid = {81064524-B577-41B0-A83A-7EF82ABB9909}
	EndGlobalSection
EndGlobal
