
Microsoft Visual Studio Solution File, Format Version 12.00
# Visual Studio Version 16
VisualStudioVersion = 16.0.31515.178
MinimumVisualStudioVersion = 10.0.40219.1
Project("{FAE04EC0-301F-11D3-BF4B-00C04F79EFBC}") = "boolean", "boolean\boolean.csproj", "{7B439FFE-C314-492C-9C8B-56B651BAE27C}"
EndProject
Global
	GlobalSection(SolutionConfigurationPlatforms) = preSolution
		Debug|Any CPU = Debug|Any CPU
		Release|Any CPU = Release|Any CPU
	EndGlobalSection
	GlobalSection(ProjectConfigurationPlatforms) = postSolution
		{7B439FFE-C314-492C-9C8B-56B651BAE27C}.Debug|Any CPU.ActiveCfg = Debug|Any CPU
		{7B439FFE-C314-492C-9C8B-56B651BAE27C}.Debug|Any CPU.Build.0 = Debug|Any CPU
		{7B439FFE-C314-492C-9C8B-56B651BAE27C}.Release|Any CPU.ActiveCfg = Release|Any CPU
		{7B439FFE-C314-492C-9C8B-56B651BAE27C}.Release|Any CPU.Build.0 = Release|Any CPU
	EndGlobalSection
	GlobalSection(SolutionProperties) = preSolution
		HideSolutionNode = FALSE
	EndGlobalSection
	GlobalSection(ExtensibilityGlobals) = postSolution
		SolutionGuid = {107EAE47-249C-4ED0-8669-F1D065466AD3}
	EndGlobalSection
EndGlobal
