
Microsoft Visual Studio Solution File, Format Version 12.00
# Visual Studio Version 16
VisualStudioVersion = 16.0.31515.178
MinimumVisualStudioVersion = 10.0.40219.1
Project("{FAE04EC0-301F-11D3-BF4B-00C04F79EFBC}") = "sayfa65-MessageBox.Show(M,B,D)", "sayfa65-MessageBox.Show(M,B,D)\sayfa65-MessageBox.Show(M,B,D).csproj", "{FF68EE37-FF86-4C07-9081-0C07D0997A2E}"
EndProject
Global
	GlobalSection(SolutionConfigurationPlatforms) = preSolution
		Debug|Any CPU = Debug|Any CPU
		Release|Any CPU = Release|Any CPU
	EndGlobalSection
	GlobalSection(ProjectConfigurationPlatforms) = postSolution
		{FF68EE37-FF86-4C07-9081-0C07D0997A2E}.Debug|Any CPU.ActiveCfg = Debug|Any CPU
		{FF68EE37-FF86-4C07-9081-0C07D0997A2E}.Debug|Any CPU.Build.0 = Debug|Any CPU
		{FF68EE37-FF86-4C07-9081-0C07D0997A2E}.Release|Any CPU.ActiveCfg = Release|Any CPU
		{FF68EE37-FF86-4C07-9081-0C07D0997A2E}.Release|Any CPU.Build.0 = Release|Any CPU
	EndGlobalSection
	GlobalSection(SolutionProperties) = preSolution
		HideSolutionNode = FALSE
	EndGlobalSection
	GlobalSection(ExtensibilityGlobals) = postSolution
		SolutionGuid = {CC9B54F0-B5F9-4450-A199-A107738D5E1D}
	EndGlobalSection
EndGlobal
