
Microsoft Visual Studio Solution File, Format Version 12.00
# Visual Studio Version 16
VisualStudioVersion = 16.0.31515.178
MinimumVisualStudioVersion = 10.0.40219.1
Project("{FAE04EC0-301F-11D3-BF4B-00C04F79EFBC}") = "sayfa111-textBox1_modifiers", "sayfa111-textBox1_modifiers\sayfa111-textBox1_modifiers.csproj", "{7A8903ED-DBEF-4DEE-AE24-54CC5556919C}"
EndProject
Global
	GlobalSection(SolutionConfigurationPlatforms) = preSolution
		Debug|Any CPU = Debug|Any CPU
		Release|Any CPU = Release|Any CPU
	EndGlobalSection
	GlobalSection(ProjectConfigurationPlatforms) = postSolution
		{7A8903ED-DBEF-4DEE-AE24-54CC5556919C}.Debug|Any CPU.ActiveCfg = Debug|Any CPU
		{7A8903ED-DBEF-4DEE-AE24-54CC5556919C}.Debug|Any CPU.Build.0 = Debug|Any CPU
		{7A8903ED-DBEF-4DEE-AE24-54CC5556919C}.Release|Any CPU.ActiveCfg = Release|Any CPU
		{7A8903ED-DBEF-4DEE-AE24-54CC5556919C}.Release|Any CPU.Build.0 = Release|Any CPU
	EndGlobalSection
	GlobalSection(SolutionProperties) = preSolution
		HideSolutionNode = FALSE
	EndGlobalSection
	GlobalSection(ExtensibilityGlobals) = postSolution
		SolutionGuid = {A58A3639-8943-4F71-BD39-A298F183331D}
	EndGlobalSection
EndGlobal
