
Microsoft Visual Studio Solution File, Format Version 12.00
# Visual Studio Version 16
VisualStudioVersion = 16.0.31515.178
MinimumVisualStudioVersion = 10.0.40219.1
Project("{FAE04EC0-301F-11D3-BF4B-00C04F79EFBC}") = "sayfa149-FindString", "sayfa149-FindString\sayfa149-FindString.csproj", "{C632C356-6802-4A8B-815C-08FBDA933106}"
EndProject
Global
	GlobalSection(SolutionConfigurationPlatforms) = preSolution
		Debug|Any CPU = Debug|Any CPU
		Release|Any CPU = Release|Any CPU
	EndGlobalSection
	GlobalSection(ProjectConfigurationPlatforms) = postSolution
		{C632C356-6802-4A8B-815C-08FBDA933106}.Debug|Any CPU.ActiveCfg = Debug|Any CPU
		{C632C356-6802-4A8B-815C-08FBDA933106}.Debug|Any CPU.Build.0 = Debug|Any CPU
		{C632C356-6802-4A8B-815C-08FBDA933106}.Release|Any CPU.ActiveCfg = Release|Any CPU
		{C632C356-6802-4A8B-815C-08FBDA933106}.Release|Any CPU.Build.0 = Release|Any CPU
	EndGlobalSection
	GlobalSection(SolutionProperties) = preSolution
		HideSolutionNode = FALSE
	EndGlobalSection
	GlobalSection(ExtensibilityGlobals) = postSolution
		SolutionGuid = {01331FF0-33BC-4408-AD45-32A1CBDC9090}
	EndGlobalSection
EndGlobal
