
Microsoft Visual Studio Solution File, Format Version 12.00
# Visual Studio Version 16
VisualStudioVersion = 16.0.31515.178
MinimumVisualStudioVersion = 10.0.40219.1
Project("{FAE04EC0-301F-11D3-BF4B-00C04F79EFBC}") = "sayfa42_foreach", "sayfa42_foreach\sayfa42_foreach.csproj", "{F9EC764C-35FA-4A62-88B6-333B6B2FA9EA}"
EndProject
Global
	GlobalSection(SolutionConfigurationPlatforms) = preSolution
		Debug|Any CPU = Debug|Any CPU
		Release|Any CPU = Release|Any CPU
	EndGlobalSection
	GlobalSection(ProjectConfigurationPlatforms) = postSolution
		{F9EC764C-35FA-4A62-88B6-333B6B2FA9EA}.Debug|Any CPU.ActiveCfg = Debug|Any CPU
		{F9EC764C-35FA-4A62-88B6-333B6B2FA9EA}.Debug|Any CPU.Build.0 = Debug|Any CPU
		{F9EC764C-35FA-4A62-88B6-333B6B2FA9EA}.Release|Any CPU.ActiveCfg = Release|Any CPU
		{F9EC764C-35FA-4A62-88B6-333B6B2FA9EA}.Release|Any CPU.Build.0 = Release|Any CPU
	EndGlobalSection
	GlobalSection(SolutionProperties) = preSolution
		HideSolutionNode = FALSE
	EndGlobalSection
	GlobalSection(ExtensibilityGlobals) = postSolution
		SolutionGuid = {0104699E-9760-4080-BFBA-B31A8689EA87}
	EndGlobalSection
EndGlobal
