
Microsoft Visual Studio Solution File, Format Version 12.00
# Visual Studio Version 16
VisualStudioVersion = 16.0.31515.178
MinimumVisualStudioVersion = 10.0.40219.1
Project("{FAE04EC0-301F-11D3-BF4B-00C04F79EFBC}") = "sayfa48_AynısımliParametreler1", "sayfa48_AynısımliParametreler1\sayfa48_AynısımliParametreler1.csproj", "{F7EDB390-5F3B-427F-A43C-47CD8058BC86}"
EndProject
Global
	GlobalSection(SolutionConfigurationPlatforms) = preSolution
		Debug|Any CPU = Debug|Any CPU
		Release|Any CPU = Release|Any CPU
	EndGlobalSection
	GlobalSection(ProjectConfigurationPlatforms) = postSolution
		{F7EDB390-5F3B-427F-A43C-47CD8058BC86}.Debug|Any CPU.ActiveCfg = Debug|Any CPU
		{F7EDB390-5F3B-427F-A43C-47CD8058BC86}.Debug|Any CPU.Build.0 = Debug|Any CPU
		{F7EDB390-5F3B-427F-A43C-47CD8058BC86}.Release|Any CPU.ActiveCfg = Release|Any CPU
		{F7EDB390-5F3B-427F-A43C-47CD8058BC86}.Release|Any CPU.Build.0 = Release|Any CPU
	EndGlobalSection
	GlobalSection(SolutionProperties) = preSolution
		HideSolutionNode = FALSE
	EndGlobalSection
	GlobalSection(ExtensibilityGlobals) = postSolution
		SolutionGuid = {166D3031-9C37-42E6-A768-5C5E4E1C20D9}
	EndGlobalSection
EndGlobal
