
Microsoft Visual Studio Solution File, Format Version 12.00
# Visual Studio Version 16
VisualStudioVersion = 16.0.31515.178
MinimumVisualStudioVersion = 10.0.40219.1
Project("{FAE04EC0-301F-11D3-BF4B-00C04F79EFBC}") = "FarliTabandakiSayilar", "FarliTabandakiSayilar\FarliTabandakiSayilar.csproj", "{949C6761-EDDD-48DA-AAE2-E45FCA2AD304}"
EndProject
Global
	GlobalSection(SolutionConfigurationPlatforms) = preSolution
		Debug|Any CPU = Debug|Any CPU
		Release|Any CPU = Release|Any CPU
	EndGlobalSection
	GlobalSection(ProjectConfigurationPlatforms) = postSolution
		{949C6761-EDDD-48DA-AAE2-E45FCA2AD304}.Debug|Any CPU.ActiveCfg = Debug|Any CPU
		{949C6761-EDDD-48DA-AAE2-E45FCA2AD304}.Debug|Any CPU.Build.0 = Debug|Any CPU
		{949C6761-EDDD-48DA-AAE2-E45FCA2AD304}.Release|Any CPU.ActiveCfg = Release|Any CPU
		{949C6761-EDDD-48DA-AAE2-E45FCA2AD304}.Release|Any CPU.Build.0 = Release|Any CPU
	EndGlobalSection
	GlobalSection(SolutionProperties) = preSolution
		HideSolutionNode = FALSE
	EndGlobalSection
	GlobalSection(ExtensibilityGlobals) = postSolution
		SolutionGuid = {7D5C0E69-4141-4C3A-BA4A-A9A751471334}
	EndGlobalSection
EndGlobal
