
Microsoft Visual Studio Solution File, Format Version 12.00
# Visual Studio Version 16
VisualStudioVersion = 16.0.31515.178
MinimumVisualStudioVersion = 10.0.40219.1
Project("{FAE04EC0-301F-11D3-BF4B-00C04F79EFBC}") = "String Ifadelerin Karsılastırilmasi", "String Ifadelerin Karsılastırilmasi\String Ifadelerin Karsılastırilmasi.csproj", "{67F7DE84-3AE3-4282-A914-0F7D64FDFA54}"
EndProject
Global
	GlobalSection(SolutionConfigurationPlatforms) = preSolution
		Debug|Any CPU = Debug|Any CPU
		Release|Any CPU = Release|Any CPU
	EndGlobalSection
	GlobalSection(ProjectConfigurationPlatforms) = postSolution
		{67F7DE84-3AE3-4282-A914-0F7D64FDFA54}.Debug|Any CPU.ActiveCfg = Debug|Any CPU
		{67F7DE84-3AE3-4282-A914-0F7D64FDFA54}.Debug|Any CPU.Build.0 = Debug|Any CPU
		{67F7DE84-3AE3-4282-A914-0F7D64FDFA54}.Release|Any CPU.ActiveCfg = Release|Any CPU
		{67F7DE84-3AE3-4282-A914-0F7D64FDFA54}.Release|Any CPU.Build.0 = Release|Any CPU
	EndGlobalSection
	GlobalSection(SolutionProperties) = preSolution
		HideSolutionNode = FALSE
	EndGlobalSection
	GlobalSection(ExtensibilityGlobals) = postSolution
		SolutionGuid = {F62798D8-58FF-4951-92EE-6BA712A9F2A1}
	EndGlobalSection
EndGlobal
