
Microsoft Visual Studio Solution File, Format Version 12.00
# Visual Studio Version 16
VisualStudioVersion = 16.0.31515.178
MinimumVisualStudioVersion = 10.0.40219.1
Project("{FAE04EC0-301F-11D3-BF4B-00C04F79EFBC}") = "sayfa83-koordinant_Boyut5", "sayfa83-koordinant_Boyut5\sayfa83-koordinant_Boyut5.csproj", "{6D6E791B-DF20-4064-B7FA-92AAB7DED9C3}"
EndProject
Global
	GlobalSection(SolutionConfigurationPlatforms) = preSolution
		Debug|Any CPU = Debug|Any CPU
		Release|Any CPU = Release|Any CPU
	EndGlobalSection
	GlobalSection(ProjectConfigurationPlatforms) = postSolution
		{6D6E791B-DF20-4064-B7FA-92AAB7DED9C3}.Debug|Any CPU.ActiveCfg = Debug|Any CPU
		{6D6E791B-DF20-4064-B7FA-92AAB7DED9C3}.Debug|Any CPU.Build.0 = Debug|Any CPU
		{6D6E791B-DF20-4064-B7FA-92AAB7DED9C3}.Release|Any CPU.ActiveCfg = Release|Any CPU
		{6D6E791B-DF20-4064-B7FA-92AAB7DED9C3}.Release|Any CPU.Build.0 = Release|Any CPU
	EndGlobalSection
	GlobalSection(SolutionProperties) = preSolution
		HideSolutionNode = FALSE
	EndGlobalSection
	GlobalSection(ExtensibilityGlobals) = postSolution
		SolutionGuid = {F8AD71B2-CC1D-44D2-AA70-9F8F0FBC8517}
	EndGlobalSection
EndGlobal
