
Microsoft Visual Studio Solution File, Format Version 12.00
# Visual Studio Version 16
VisualStudioVersion = 16.0.31515.178
MinimumVisualStudioVersion = 10.0.40219.1
Project("{FAE04EC0-301F-11D3-BF4B-00C04F79EFBC}") = "sayfa144-Items.AddRange", "sayfa144-Items.AddRange\sayfa144-Items.AddRange.csproj", "{217C9B77-A245-4BA7-874A-06D3EDD7311F}"
EndProject
Global
	GlobalSection(SolutionConfigurationPlatforms) = preSolution
		Debug|Any CPU = Debug|Any CPU
		Release|Any CPU = Release|Any CPU
	EndGlobalSection
	GlobalSection(ProjectConfigurationPlatforms) = postSolution
		{217C9B77-A245-4BA7-874A-06D3EDD7311F}.Debug|Any CPU.ActiveCfg = Debug|Any CPU
		{217C9B77-A245-4BA7-874A-06D3EDD7311F}.Debug|Any CPU.Build.0 = Debug|Any CPU
		{217C9B77-A245-4BA7-874A-06D3EDD7311F}.Release|Any CPU.ActiveCfg = Release|Any CPU
		{217C9B77-A245-4BA7-874A-06D3EDD7311F}.Release|Any CPU.Build.0 = Release|Any CPU
	EndGlobalSection
	GlobalSection(SolutionProperties) = preSolution
		HideSolutionNode = FALSE
	EndGlobalSection
	GlobalSection(ExtensibilityGlobals) = postSolution
		SolutionGuid = {A6D22AC8-4E3C-4B3F-A16B-0E587989D99E}
	EndGlobalSection
EndGlobal
