
Microsoft Visual Studio Solution File, Format Version 12.00
# Visual Studio Version 16
VisualStudioVersion = 16.0.31515.178
MinimumVisualStudioVersion = 10.0.40219.1
Project("{FAE04EC0-301F-11D3-BF4B-00C04F79EFBC}") = "sayfa68-cokSatirdaMesajPencereleri", "sayfa68-cokSatirdaMesajPencereleri\sayfa68-cokSatirdaMesajPencereleri.csproj", "{CDEBE2F1-4C84-42E4-A461-22E2C72EC57B}"
EndProject
Global
	GlobalSection(SolutionConfigurationPlatforms) = preSolution
		Debug|Any CPU = Debug|Any CPU
		Release|Any CPU = Release|Any CPU
	EndGlobalSection
	GlobalSection(ProjectConfigurationPlatforms) = postSolution
		{CDEBE2F1-4C84-42E4-A461-22E2C72EC57B}.Debug|Any CPU.ActiveCfg = Debug|Any CPU
		{CDEBE2F1-4C84-42E4-A461-22E2C72EC57B}.Debug|Any CPU.Build.0 = Debug|Any CPU
		{CDEBE2F1-4C84-42E4-A461-22E2C72EC57B}.Release|Any CPU.ActiveCfg = Release|Any CPU
		{CDEBE2F1-4C84-42E4-A461-22E2C72EC57B}.Release|Any CPU.Build.0 = Release|Any CPU
	EndGlobalSection
	GlobalSection(SolutionProperties) = preSolution
		HideSolutionNode = FALSE
	EndGlobalSection
	GlobalSection(ExtensibilityGlobals) = postSolution
		SolutionGuid = {0DC27C91-D88B-42CF-89D4-C8324F385465}
	EndGlobalSection
EndGlobal
