
Microsoft Visual Studio Solution File, Format Version 12.00
# Visual Studio Version 16
VisualStudioVersion = 16.0.31515.178
MinimumVisualStudioVersion = 10.0.40219.1
Project("{FAE04EC0-301F-11D3-BF4B-00C04F79EFBC}") = "sayfa47_Ref_Out", "sayfa47_Ref_Out\sayfa47_Ref_Out.csproj", "{A5C96113-ED00-4B0F-BFAC-526986337AD0}"
EndProject
Global
	GlobalSection(SolutionConfigurationPlatforms) = preSolution
		Debug|Any CPU = Debug|Any CPU
		Release|Any CPU = Release|Any CPU
	EndGlobalSection
	GlobalSection(ProjectConfigurationPlatforms) = postSolution
		{A5C96113-ED00-4B0F-BFAC-526986337AD0}.Debug|Any CPU.ActiveCfg = Debug|Any CPU
		{A5C96113-ED00-4B0F-BFAC-526986337AD0}.Debug|Any CPU.Build.0 = Debug|Any CPU
		{A5C96113-ED00-4B0F-BFAC-526986337AD0}.Release|Any CPU.ActiveCfg = Release|Any CPU
		{A5C96113-ED00-4B0F-BFAC-526986337AD0}.Release|Any CPU.Build.0 = Release|Any CPU
	EndGlobalSection
	GlobalSection(SolutionProperties) = preSolution
		HideSolutionNode = FALSE
	EndGlobalSection
	GlobalSection(ExtensibilityGlobals) = postSolution
		SolutionGuid = {B26C9B30-A25A-47AF-B9D3-5F36EFA75C7A}
	EndGlobalSection
EndGlobal
