
Microsoft Visual Studio Solution File, Format Version 12.00
# Visual Studio Version 16
VisualStudioVersion = 16.0.31515.178
MinimumVisualStudioVersion = 10.0.40219.1
Project("{FAE04EC0-301F-11D3-BF4B-00C04F79EFBC}") = "sayfa65-MessageBox.Show(Mesaj)", "sayfa65-MessageBox.Show(Mesaj)\sayfa65-MessageBox.Show(Mesaj).csproj", "{78256C53-5ECD-490C-86D3-2AE6E79039E0}"
EndProject
Global
	GlobalSection(SolutionConfigurationPlatforms) = preSolution
		Debug|Any CPU = Debug|Any CPU
		Release|Any CPU = Release|Any CPU
	EndGlobalSection
	GlobalSection(ProjectConfigurationPlatforms) = postSolution
		{78256C53-5ECD-490C-86D3-2AE6E79039E0}.Debug|Any CPU.ActiveCfg = Debug|Any CPU
		{78256C53-5ECD-490C-86D3-2AE6E79039E0}.Debug|Any CPU.Build.0 = Debug|Any CPU
		{78256C53-5ECD-490C-86D3-2AE6E79039E0}.Release|Any CPU.ActiveCfg = Release|Any CPU
		{78256C53-5ECD-490C-86D3-2AE6E79039E0}.Release|Any CPU.Build.0 = Release|Any CPU
	EndGlobalSection
	GlobalSection(SolutionProperties) = preSolution
		HideSolutionNode = FALSE
	EndGlobalSection
	GlobalSection(ExtensibilityGlobals) = postSolution
		SolutionGuid = {DCE1A26F-238A-4A03-9842-D233F1F47622}
	EndGlobalSection
EndGlobal
