
Microsoft Visual Studio Solution File, Format Version 12.00
# Visual Studio Version 16
VisualStudioVersion = 16.0.31515.178
MinimumVisualStudioVersion = 10.0.40219.1
Project("{FAE04EC0-301F-11D3-BF4B-00C04F79EFBC}") = "sayfa46_FonksiyonVeAltProgram2", "sayfa46_FonksiyonVeAltProgram2\sayfa46_FonksiyonVeAltProgram2.csproj", "{01C1001C-D5B2-41F3-9826-9470F5E947BA}"
EndProject
Global
	GlobalSection(SolutionConfigurationPlatforms) = preSolution
		Debug|Any CPU = Debug|Any CPU
		Release|Any CPU = Release|Any CPU
	EndGlobalSection
	GlobalSection(ProjectConfigurationPlatforms) = postSolution
		{01C1001C-D5B2-41F3-9826-9470F5E947BA}.Debug|Any CPU.ActiveCfg = Debug|Any CPU
		{01C1001C-D5B2-41F3-9826-9470F5E947BA}.Debug|Any CPU.Build.0 = Debug|Any CPU
		{01C1001C-D5B2-41F3-9826-9470F5E947BA}.Release|Any CPU.ActiveCfg = Release|Any CPU
		{01C1001C-D5B2-41F3-9826-9470F5E947BA}.Release|Any CPU.Build.0 = Release|Any CPU
	EndGlobalSection
	GlobalSection(SolutionProperties) = preSolution
		HideSolutionNode = FALSE
	EndGlobalSection
	GlobalSection(ExtensibilityGlobals) = postSolution
		SolutionGuid = {B38162EE-97E2-47AE-B3F2-6480BD99C8CE}
	EndGlobalSection
EndGlobal
