
Microsoft Visual Studio Solution File, Format Version 12.00
# Visual Studio Version 16
VisualStudioVersion = 16.0.31515.178
MinimumVisualStudioVersion = 10.0.40219.1
Project("{FAE04EC0-301F-11D3-BF4B-00C04F79EFBC}") = "sayfa117-MDI_Formlar01", "sayfa117-MDI_Formlar01\sayfa117-MDI_Formlar01.csproj", "{FF0D3C0A-136A-45C7-B101-C226239CE538}"
EndProject
Global
	GlobalSection(SolutionConfigurationPlatforms) = preSolution
		Debug|Any CPU = Debug|Any CPU
		Release|Any CPU = Release|Any CPU
	EndGlobalSection
	GlobalSection(ProjectConfigurationPlatforms) = postSolution
		{FF0D3C0A-136A-45C7-B101-C226239CE538}.Debug|Any CPU.ActiveCfg = Debug|Any CPU
		{FF0D3C0A-136A-45C7-B101-C226239CE538}.Debug|Any CPU.Build.0 = Debug|Any CPU
		{FF0D3C0A-136A-45C7-B101-C226239CE538}.Release|Any CPU.ActiveCfg = Release|Any CPU
		{FF0D3C0A-136A-45C7-B101-C226239CE538}.Release|Any CPU.Build.0 = Release|Any CPU
	EndGlobalSection
	GlobalSection(SolutionProperties) = preSolution
		HideSolutionNode = FALSE
	EndGlobalSection
	GlobalSection(ExtensibilityGlobals) = postSolution
		SolutionGuid = {E37A1D1A-78E2-4725-A13E-C2969D1DE8B2}
	EndGlobalSection
EndGlobal
