
Microsoft Visual Studio Solution File, Format Version 12.00
# Visual Studio Version 16
VisualStudioVersion = 16.0.31515.178
MinimumVisualStudioVersion = 10.0.40219.1
Project("{FAE04EC0-301F-11D3-BF4B-00C04F79EFBC}") = "sayfa67-MessageBox2", "sayfa67-MessageBox2\sayfa67-MessageBox2.csproj", "{9B32BAC6-48AE-4321-A36B-16DB58651AC5}"
EndProject
Global
	GlobalSection(SolutionConfigurationPlatforms) = preSolution
		Debug|Any CPU = Debug|Any CPU
		Release|Any CPU = Release|Any CPU
	EndGlobalSection
	GlobalSection(ProjectConfigurationPlatforms) = postSolution
		{9B32BAC6-48AE-4321-A36B-16DB58651AC5}.Debug|Any CPU.ActiveCfg = Debug|Any CPU
		{9B32BAC6-48AE-4321-A36B-16DB58651AC5}.Debug|Any CPU.Build.0 = Debug|Any CPU
		{9B32BAC6-48AE-4321-A36B-16DB58651AC5}.Release|Any CPU.ActiveCfg = Release|Any CPU
		{9B32BAC6-48AE-4321-A36B-16DB58651AC5}.Release|Any CPU.Build.0 = Release|Any CPU
	EndGlobalSection
	GlobalSection(SolutionProperties) = preSolution
		HideSolutionNode = FALSE
	EndGlobalSection
	GlobalSection(ExtensibilityGlobals) = postSolution
		SolutionGuid = {BE9DDEC0-E237-431A-883E-03C51B1B2B6B}
	EndGlobalSection
EndGlobal
