
Microsoft Visual Studio Solution File, Format Version 12.00
# Visual Studio Version 16
VisualStudioVersion = 16.0.31515.178
MinimumVisualStudioVersion = 10.0.40219.1
Project("{FAE04EC0-301F-11D3-BF4B-00C04F79EFBC}") = "sayfa145-Items_RemoveAt", "sayfa145-Items_RemoveAt\sayfa145-Items_RemoveAt.csproj", "{A2C82CB7-A61B-44FF-940F-D5076658EFFF}"
EndProject
Global
	GlobalSection(SolutionConfigurationPlatforms) = preSolution
		Debug|Any CPU = Debug|Any CPU
		Release|Any CPU = Release|Any CPU
	EndGlobalSection
	GlobalSection(ProjectConfigurationPlatforms) = postSolution
		{A2C82CB7-A61B-44FF-940F-D5076658EFFF}.Debug|Any CPU.ActiveCfg = Debug|Any CPU
		{A2C82CB7-A61B-44FF-940F-D5076658EFFF}.Debug|Any CPU.Build.0 = Debug|Any CPU
		{A2C82CB7-A61B-44FF-940F-D5076658EFFF}.Release|Any CPU.ActiveCfg = Release|Any CPU
		{A2C82CB7-A61B-44FF-940F-D5076658EFFF}.Release|Any CPU.Build.0 = Release|Any CPU
	EndGlobalSection
	GlobalSection(SolutionProperties) = preSolution
		HideSolutionNode = FALSE
	EndGlobalSection
	GlobalSection(ExtensibilityGlobals) = postSolution
		SolutionGuid = {499B81C7-2187-453D-AA1D-890C172E5F4A}
	EndGlobalSection
EndGlobal
