
Microsoft Visual Studio Solution File, Format Version 12.00
# Visual Studio Version 16
VisualStudioVersion = 16.0.31515.178
MinimumVisualStudioVersion = 10.0.40219.1
Project("{FAE04EC0-301F-11D3-BF4B-00C04F79EFBC}") = "sayfa79-koordinat_Boyut3", "sayfa79-koordinat_Boyut3\sayfa79-koordinat_Boyut3.csproj", "{D8EB6CF9-ABD3-4815-9A14-BE377F7382CC}"
EndProject
Global
	GlobalSection(SolutionConfigurationPlatforms) = preSolution
		Debug|Any CPU = Debug|Any CPU
		Release|Any CPU = Release|Any CPU
	EndGlobalSection
	GlobalSection(ProjectConfigurationPlatforms) = postSolution
		{D8EB6CF9-ABD3-4815-9A14-BE377F7382CC}.Debug|Any CPU.ActiveCfg = Debug|Any CPU
		{D8EB6CF9-ABD3-4815-9A14-BE377F7382CC}.Debug|Any CPU.Build.0 = Debug|Any CPU
		{D8EB6CF9-ABD3-4815-9A14-BE377F7382CC}.Release|Any CPU.ActiveCfg = Release|Any CPU
		{D8EB6CF9-ABD3-4815-9A14-BE377F7382CC}.Release|Any CPU.Build.0 = Release|Any CPU
	EndGlobalSection
	GlobalSection(SolutionProperties) = preSolution
		HideSolutionNode = FALSE
	EndGlobalSection
	GlobalSection(ExtensibilityGlobals) = postSolution
		SolutionGuid = {3327187B-98C9-43D5-A0DE-9257E596BBE4}
	EndGlobalSection
EndGlobal
