
Microsoft Visual Studio Solution File, Format Version 12.00
# Visual Studio Version 16
VisualStudioVersion = 16.0.31515.178
MinimumVisualStudioVersion = 10.0.40219.1
Project("{FAE04EC0-301F-11D3-BF4B-00C04F79EFBC}") = "sayfa49_ayniIsimliProsedurler2", "sayfa49_ayniIsimliProsedurler2\sayfa49_ayniIsimliProsedurler2.csproj", "{C95988B0-91CF-4082-9162-3F52B62CEC6C}"
EndProject
Global
	GlobalSection(SolutionConfigurationPlatforms) = preSolution
		Debug|Any CPU = Debug|Any CPU
		Release|Any CPU = Release|Any CPU
	EndGlobalSection
	GlobalSection(ProjectConfigurationPlatforms) = postSolution
		{C95988B0-91CF-4082-9162-3F52B62CEC6C}.Debug|Any CPU.ActiveCfg = Debug|Any CPU
		{C95988B0-91CF-4082-9162-3F52B62CEC6C}.Debug|Any CPU.Build.0 = Debug|Any CPU
		{C95988B0-91CF-4082-9162-3F52B62CEC6C}.Release|Any CPU.ActiveCfg = Release|Any CPU
		{C95988B0-91CF-4082-9162-3F52B62CEC6C}.Release|Any CPU.Build.0 = Release|Any CPU
	EndGlobalSection
	GlobalSection(SolutionProperties) = preSolution
		HideSolutionNode = FALSE
	EndGlobalSection
	GlobalSection(ExtensibilityGlobals) = postSolution
		SolutionGuid = {2491C375-40E1-45C4-BCF4-A4141190BF0A}
	EndGlobalSection
EndGlobal
