
Microsoft Visual Studio Solution File, Format Version 12.00
# Visual Studio Version 16
VisualStudioVersion = 16.0.31515.178
MinimumVisualStudioVersion = 10.0.40219.1
Project("{FAE04EC0-301F-11D3-BF4B-00C04F79EFBC}") = "VeriTipleri", "VeriTipleri\VeriTipleri.csproj", "{F1857C98-4375-48D5-B3BA-52DE8ECF254B}"
EndProject
Global
	GlobalSection(SolutionConfigurationPlatforms) = preSolution
		Debug|Any CPU = Debug|Any CPU
		Release|Any CPU = Release|Any CPU
	EndGlobalSection
	GlobalSection(ProjectConfigurationPlatforms) = postSolution
		{F1857C98-4375-48D5-B3BA-52DE8ECF254B}.Debug|Any CPU.ActiveCfg = Debug|Any CPU
		{F1857C98-4375-48D5-B3BA-52DE8ECF254B}.Debug|Any CPU.Build.0 = Debug|Any CPU
		{F1857C98-4375-48D5-B3BA-52DE8ECF254B}.Release|Any CPU.ActiveCfg = Release|Any CPU
		{F1857C98-4375-48D5-B3BA-52DE8ECF254B}.Release|Any CPU.Build.0 = Release|Any CPU
	EndGlobalSection
	GlobalSection(SolutionProperties) = preSolution
		HideSolutionNode = FALSE
	EndGlobalSection
	GlobalSection(ExtensibilityGlobals) = postSolution
		SolutionGuid = {F46C5152-7A28-483A-A068-25AA79B77A9B}
	EndGlobalSection
EndGlobal
