
Microsoft Visual Studio Solution File, Format Version 12.00
# Visual Studio Version 16
VisualStudioVersion = 16.0.31515.178
MinimumVisualStudioVersion = 10.0.40219.1
Project("{FAE04EC0-301F-11D3-BF4B-00C04F79EFBC}") = "sayfa155-fingStringExact02", "sayfa155-fingStringExact02\sayfa155-fingStringExact02.csproj", "{987BD90A-C7D4-42AD-8B1E-9195D0FCA200}"
EndProject
Global
	GlobalSection(SolutionConfigurationPlatforms) = preSolution
		Debug|Any CPU = Debug|Any CPU
		Release|Any CPU = Release|Any CPU
	EndGlobalSection
	GlobalSection(ProjectConfigurationPlatforms) = postSolution
		{987BD90A-C7D4-42AD-8B1E-9195D0FCA200}.Debug|Any CPU.ActiveCfg = Debug|Any CPU
		{987BD90A-C7D4-42AD-8B1E-9195D0FCA200}.Debug|Any CPU.Build.0 = Debug|Any CPU
		{987BD90A-C7D4-42AD-8B1E-9195D0FCA200}.Release|Any CPU.ActiveCfg = Release|Any CPU
		{987BD90A-C7D4-42AD-8B1E-9195D0FCA200}.Release|Any CPU.Build.0 = Release|Any CPU
	EndGlobalSection
	GlobalSection(SolutionProperties) = preSolution
		HideSolutionNode = FALSE
	EndGlobalSection
	GlobalSection(ExtensibilityGlobals) = postSolution
		SolutionGuid = {D05D135A-BF0D-4ADF-AED5-E31288993A15}
	EndGlobalSection
EndGlobal
