
Microsoft Visual Studio Solution File, Format Version 12.00
# Visual Studio Version 16
VisualStudioVersion = 16.0.31515.178
MinimumVisualStudioVersion = 10.0.40219.1
Project("{FAE04EC0-301F-11D3-BF4B-00C04F79EFBC}") = "sayfa104-menuStrip", "sayfa104-menuStrip\sayfa104-menuStrip.csproj", "{7F766816-9062-4E1C-A7E5-1DE3B3D5AEA6}"
EndProject
Global
	GlobalSection(SolutionConfigurationPlatforms) = preSolution
		Debug|Any CPU = Debug|Any CPU
		Release|Any CPU = Release|Any CPU
	EndGlobalSection
	GlobalSection(ProjectConfigurationPlatforms) = postSolution
		{7F766816-9062-4E1C-A7E5-1DE3B3D5AEA6}.Debug|Any CPU.ActiveCfg = Debug|Any CPU
		{7F766816-9062-4E1C-A7E5-1DE3B3D5AEA6}.Debug|Any CPU.Build.0 = Debug|Any CPU
		{7F766816-9062-4E1C-A7E5-1DE3B3D5AEA6}.Release|Any CPU.ActiveCfg = Release|Any CPU
		{7F766816-9062-4E1C-A7E5-1DE3B3D5AEA6}.Release|Any CPU.Build.0 = Release|Any CPU
	EndGlobalSection
	GlobalSection(SolutionProperties) = preSolution
		HideSolutionNode = FALSE
	EndGlobalSection
	GlobalSection(ExtensibilityGlobals) = postSolution
		SolutionGuid = {D258879C-371D-4B23-9C0E-E798D663D166}
	EndGlobalSection
EndGlobal
