
Microsoft Visual Studio Solution File, Format Version 12.00
# Visual Studio Version 16
VisualStudioVersion = 16.0.31515.178
MinimumVisualStudioVersion = 10.0.40219.1
Project("{FAE04EC0-301F-11D3-BF4B-00C04F79EFBC}") = "sayfa44_contine", "sayfa44_contine\sayfa44_contine.csproj", "{D9B5260C-B863-4B00-89A0-4AA008AA8768}"
EndProject
Global
	GlobalSection(SolutionConfigurationPlatforms) = preSolution
		Debug|Any CPU = Debug|Any CPU
		Release|Any CPU = Release|Any CPU
	EndGlobalSection
	GlobalSection(ProjectConfigurationPlatforms) = postSolution
		{D9B5260C-B863-4B00-89A0-4AA008AA8768}.Debug|Any CPU.ActiveCfg = Debug|Any CPU
		{D9B5260C-B863-4B00-89A0-4AA008AA8768}.Debug|Any CPU.Build.0 = Debug|Any CPU
		{D9B5260C-B863-4B00-89A0-4AA008AA8768}.Release|Any CPU.ActiveCfg = Release|Any CPU
		{D9B5260C-B863-4B00-89A0-4AA008AA8768}.Release|Any CPU.Build.0 = Release|Any CPU
	EndGlobalSection
	GlobalSection(SolutionProperties) = preSolution
		HideSolutionNode = FALSE
	EndGlobalSection
	GlobalSection(ExtensibilityGlobals) = postSolution
		SolutionGuid = {673FD6F4-78A8-4B29-A4BE-699BD444D480}
	EndGlobalSection
EndGlobal
