
Microsoft Visual Studio Solution File, Format Version 12.00
# Visual Studio Version 16
VisualStudioVersion = 16.0.31515.178
MinimumVisualStudioVersion = 10.0.40219.1
Project("{FAE04EC0-301F-11D3-BF4B-00C04F79EFBC}") = "sayfa44_while_sonsuzDongu", "sayfa44_while_sonsuzDongu\sayfa44_while_sonsuzDongu.csproj", "{66D64150-EC38-4CE3-8951-F4106244CB70}"
EndProject
Global
	GlobalSection(SolutionConfigurationPlatforms) = preSolution
		Debug|Any CPU = Debug|Any CPU
		Release|Any CPU = Release|Any CPU
	EndGlobalSection
	GlobalSection(ProjectConfigurationPlatforms) = postSolution
		{66D64150-EC38-4CE3-8951-F4106244CB70}.Debug|Any CPU.ActiveCfg = Debug|Any CPU
		{66D64150-EC38-4CE3-8951-F4106244CB70}.Debug|Any CPU.Build.0 = Debug|Any CPU
		{66D64150-EC38-4CE3-8951-F4106244CB70}.Release|Any CPU.ActiveCfg = Release|Any CPU
		{66D64150-EC38-4CE3-8951-F4106244CB70}.Release|Any CPU.Build.0 = Release|Any CPU
	EndGlobalSection
	GlobalSection(SolutionProperties) = preSolution
		HideSolutionNode = FALSE
	EndGlobalSection
	GlobalSection(ExtensibilityGlobals) = postSolution
		SolutionGuid = {8C4C8247-BA46-449A-B46E-6C9CB8007689}
	EndGlobalSection
EndGlobal
