
Microsoft Visual Studio Solution File, Format Version 12.00
# Visual Studio Version 16
VisualStudioVersion = 16.0.31515.178
MinimumVisualStudioVersion = 10.0.40219.1
Project("{FAE04EC0-301F-11D3-BF4B-00C04F79EFBC}") = "sayfa78-koordinat_Boyut1", "sayfa78-koordinat_Boyut1\sayfa78-koordinat_Boyut1.csproj", "{C0B52BFC-5DAE-4A3B-993A-E00CD5E0122B}"
EndProject
Global
	GlobalSection(SolutionConfigurationPlatforms) = preSolution
		Debug|Any CPU = Debug|Any CPU
		Release|Any CPU = Release|Any CPU
	EndGlobalSection
	GlobalSection(ProjectConfigurationPlatforms) = postSolution
		{C0B52BFC-5DAE-4A3B-993A-E00CD5E0122B}.Debug|Any CPU.ActiveCfg = Debug|Any CPU
		{C0B52BFC-5DAE-4A3B-993A-E00CD5E0122B}.Debug|Any CPU.Build.0 = Debug|Any CPU
		{C0B52BFC-5DAE-4A3B-993A-E00CD5E0122B}.Release|Any CPU.ActiveCfg = Release|Any CPU
		{C0B52BFC-5DAE-4A3B-993A-E00CD5E0122B}.Release|Any CPU.Build.0 = Release|Any CPU
	EndGlobalSection
	GlobalSection(SolutionProperties) = preSolution
		HideSolutionNode = FALSE
	EndGlobalSection
	GlobalSection(ExtensibilityGlobals) = postSolution
		SolutionGuid = {0D942A92-4A88-4BA9-B4CE-371726DA45B2}
	EndGlobalSection
EndGlobal
